{
  "nodes": {
    "clanlib": {
      "inputs": {
        "flake-utils": [
          "flake-utils"
        ],
        "nixpkgs": "nixpkgs"
      },
      "locked": {
        "lastModified": 1645978295,
        "narHash": "sha256-ZDpfaeEtVCYWXVgoX+G3WIbSHyAfc3jet4zwk/5WcqY=",
        "owner": "grumbel",
        "repo": "clanlib-1.0",
        "rev": "1dd1e10f549c7c06c8017f537f446f452fc01923",
        "type": "gitlab"
      },
      "original": {
        "owner": "grumbel",
        "repo": "clanlib-1.0",
        "type": "gitlab"
      }
    },
    "flake-utils": {
      "locked": {
        "lastModified": 1644229661,
        "narHash": "sha256-1YdnJAsNy69bpcjuoKdOYQX0YxZBiCYZo4Twxerqv7k=",
        "owner": "numtide",
        "repo": "flake-utils",
        "rev": "3cecb5b042f7f209c56ffd8371b2711a290ec797",
        "type": "github"
      },
      "original": {
        "owner": "numtide",
        "repo": "flake-utils",
        "type": "github"
      }
    },
    "nixpkgs": {
      "locked": {
        "lastModified": 1646011258,
        "narHash": "sha256-+aen4zu5uVp52arEcgL2maCS0zQDuG1t+Azwd/O1gN4=",
        "owner": "NixOS",
        "repo": "nixpkgs",
        "rev": "a25df4c2b79c4343bcc72ad671200e5a3e286c41",
        "type": "github"
      },
      "original": {
        "owner": "NixOS",
        "ref": "nixos-21.11",
        "repo": "nixpkgs",
        "type": "github"
      }
    },
    "nixpkgs_2": {
      "locked": {
        "lastModified": 1635350005,
        "narHash": "sha256-tAMJnUwfaDEB2aa31jGcu7R7bzGELM9noc91L2PbVjg=",
        "owner": "NixOS",
        "repo": "nixpkgs",
        "rev": "1c1f5649bb9c1b0d98637c8c365228f57126f361",
        "type": "github"
      },
      "original": {
        "owner": "NixOS",
        "ref": "nixos-20.09",
        "repo": "nixpkgs",
        "type": "github"
      }
    },
    "root": {
      "inputs": {
        "clanlib": "clanlib",
        "flake-utils": "flake-utils",
        "nixpkgs": "nixpkgs_2"
      }
    }
  },
  "root": "root",
  "version": 7
}
